
Microsoft Visual Studio Solution File, Format Version 12.00
# Visual Studio Version 17
VisualStudioVersion = 17.8.34601.278
MinimumVisualStudioVersion = 10.0.40219.1
Project("{FAE04EC0-301F-11D3-BF4B-00C04F79EFBC}") = "TodoApp", "TodoApp.csproj", "{B280B47C-740D-4F9E-9794-541765CAE7C1}"
EndProject
Global
	GlobalSection(SolutionConfigurationPlatforms) = preSolution
		Debug|Any CPU = Debug|Any CPU
		Release|Any CPU = Release|Any CPU
	EndGlobalSection
	GlobalSection(ProjectConfigurationPlatforms) = postSolution
		{B280B47C-740D-4F9E-9794-541765CAE7C1}.Debug|Any CPU.ActiveCfg = Debug|Any CPU
		{B280B47C-740D-4F9E-9794-541765CAE7C1}.Debug|Any CPU.Build.0 = Debug|Any CPU
		{B280B47C-740D-4F9E-9794-541765CAE7C1}.Release|Any CPU.ActiveCfg = Release|Any CPU
		{B280B47C-740D-4F9E-9794-541765CAE7C1}.Release|Any CPU.Build.0 = Release|Any CPU
	EndGlobalSection
	GlobalSection(SolutionProperties) = preSolution
		HideSolutionNode = FALSE
	EndGlobalSection
	GlobalSection(ExtensibilityGlobals) = postSolution
		SolutionGuid = {A76EDE2C-C96F-4BDA-AAD5-5338B7E60881}
	EndGlobalSection
EndGlobal
